
Microsoft Visual Studio Solution File, Format Version 12.00
# Visual Studio 14
VisualStudioVersion = 14.0.23107.0
MinimumVisualStudioVersion = 10.0.40219.1
Project("{FAE04EC0-301F-11D3-BF4B-00C04F79EFBC}") = "ProjectStep1_server", "ProjectStep1_server\ProjectStep1_server.csproj", "{DA4D43DC-DFB9-4401-962A-31846FD43347}"
EndProject
Global
	GlobalSection(SolutionConfigurationPlatforms) = preSolution
		Debug|Any CPU = Debug|Any CPU
		Release|Any CPU = Release|Any CPU
	EndGlobalSection
	GlobalSection(ProjectConfigurationPlatforms) = postSolution
		{DA4D43DC-DFB9-4401-962A-31846FD43347}.Debug|Any CPU.ActiveCfg = Debug|Any CPU
		{DA4D43DC-DFB9-4401-962A-31846FD43347}.Debug|Any CPU.Build.0 = Debug|Any CPU
		{DA4D43DC-DFB9-4401-962A-31846FD43347}.Release|Any CPU.ActiveCfg = Release|Any CPU
		{DA4D43DC-DFB9-4401-962A-31846FD43347}.Release|Any CPU.Build.0 = Release|Any CPU
	EndGlobalSection
	GlobalSection(SolutionProperties) = preSolution
		HideSolutionNode = FALSE
	EndGlobalSection
EndGlobal
